
Microsoft Visual Studio Solution File, Format Version 12.00
# Visual Studio Version 16
VisualStudioVersion = 16.0.31624.102
MinimumVisualStudioVersion = 10.0.40219.1
Project("{FAE04EC0-301F-11D3-BF4B-00C04F79EFBC}") = "ConsoleApp2", "ConsoleApp2\ConsoleApp2.csproj", "{3B21781D-3F9A-41AC-91A2-0F5328515ECF}"
EndProject
Global
	GlobalSection(SolutionConfigurationPlatforms) = preSolution
		Debug|Any CPU = Debug|Any CPU
		Release|Any CPU = Release|Any CPU
	EndGlobalSection
	GlobalSection(ProjectConfigurationPlatforms) = postSolution
		{3B21781D-3F9A-41AC-91A2-0F5328515ECF}.Debug|Any CPU.ActiveCfg = Debug|Any CPU
		{3B21781D-3F9A-41AC-91A2-0F5328515ECF}.Debug|Any CPU.Build.0 = Debug|Any CPU
		{3B21781D-3F9A-41AC-91A2-0F5328515ECF}.Release|Any CPU.ActiveCfg = Release|Any CPU
		{3B21781D-3F9A-41AC-91A2-0F5328515ECF}.Release|Any CPU.Build.0 = Release|Any CPU
	EndGlobalSection
	GlobalSection(SolutionProperties) = preSolution
		HideSolutionNode = FALSE
	EndGlobalSection
	GlobalSection(ExtensibilityGlobals) = postSolution
		SolutionGuid = {5D196805-CCCD-46E6-B733-DE1CD71E23A0}
	EndGlobalSection
EndGlobal
